{
  "name": "pocket-tools",
  "version": "1.0.0",
  "lockfileVersion": 3,
  "requires": true,
  "packages": {
    "": {
      "name": "pocket-tools",
      "version": "1.0.0",
      "license": "ISC",
      "dependencies": {
        "@neslinesli93/qpdf-wasm": "^0.3.0"
      }
    },
    "node_modules/@neslinesli93/qpdf-wasm": {
      "version": "0.3.0",
      "resolved": "https://registry.npmjs.org/@neslinesli93/qpdf-wasm/-/qpdf-wasm-0.3.0.tgz",
      "integrity": "sha512-ObyTmabopTMwN6AGwrEkmDbdmM5wnwlRdn9jnJYQ2KbBUPdPDcfNf1QkcWFOVD+qIgSqILz9nK51e22T+x+gkQ==",
      "license": "ISC"
    }
  }
}
